
Microsoft Visual Studio Solution File, Format Version 12.00
# Visual Studio Version 16
VisualStudioVersion = 16.0.31129.286
MinimumVisualStudioVersion = 10.0.40219.1
Project("{9A19103F-16F7-4668-BE54-9A1E7A4F7556}") = "LightXun.Study.HelloWorld", "LightXun.Study.HelloWorld\LightXun.Study.HelloWorld.csproj", "{374F61D0-9D81-4F53-AA01-F5B7069C2A8B}"
EndProject
Project("{2150E333-8FDC-42A3-9474-1A3956D46DE8}") = "学习", "学习", "{A142B15D-32A4-4F4A-9DB5-FC8926B6EE50}"
EndProject
Project("{9A19103F-16F7-4668-BE54-9A1E7A4F7556}") = "LightXun.Study.FakeXiecheng.API", "LightXun.Study.FakeXiecheng.API\LightXun.Study.FakeXiecheng.API.csproj", "{BFAE8225-A765-494E-9B87-49E4C5C64F03}"
EndProject
Project("{2150E333-8FDC-42A3-9474-1A3956D46DE8}") = "01. Presentation", "01. Presentation", "{8AF770A7-AC1F-48A3-B567-F6A1C8BCEEA4}"
EndProject
Project("{2150E333-8FDC-42A3-9474-1A3956D46DE8}") = "02. Application", "02. Application", "{9220D6D3-A639-4B75-BBA7-4FFF9B97B5C4}"
EndProject
Project("{2150E333-8FDC-42A3-9474-1A3956D46DE8}") = "03. Domain", "03. Domain", "{37BCE004-CDF2-4C2E-8307-8FA5F1923CEC}"
EndProject
Project("{2150E333-8FDC-42A3-9474-1A3956D46DE8}") = "04. Infrastructure", "04. Infrastructure", "{DCE888B4-ED98-4D92-8B30-3BEFE1CF9576}"
EndProject
Project("{2150E333-8FDC-42A3-9474-1A3956D46DE8}") = "05. Solution Items", "05. Solution Items", "{8001471C-1E5A-43F7-B08F-6C2BBA6C0BD4}"
	ProjectSection(SolutionItems) = preProject
		ClearData.sql = ClearData.sql
		InitializeDatabase.sql = InitializeDatabase.sql
	EndProjectSection
EndProject
Project("{2150E333-8FDC-42A3-9474-1A3956D46DE8}") = "06. Tests", "06. Tests", "{9AA144DA-94AB-4CEE-AD3D-5D50D250D7E7}"
EndProject
Project("{FAE04EC0-301F-11D3-BF4B-00C04F79EFBC}") = "LightXun.Metering.API", "LightXun.Metering.API\LightXun.Metering.API.csproj", "{4B3A5C51-C4F7-4E04-8E63-89EFF233FF71}"
EndProject
Project("{FAE04EC0-301F-11D3-BF4B-00C04F79EFBC}") = "LightXun.DataMigration.API", "LightXun.DataMigration.API\LightXun.DataMigration.API.csproj", "{593FFCC1-A107-40A0-AB83-3ADF414A9EA9}"
EndProject
Project("{FAE04EC0-301F-11D3-BF4B-00C04F79EFBC}") = "LightXun.Presentation.Common", "LightXun.Presentation.Common\LightXun.Presentation.Common.csproj", "{45ABD332-DF2E-464F-B01B-535968A2E598}"
EndProject
Project("{FAE04EC0-301F-11D3-BF4B-00C04F79EFBC}") = "LightXun.Application.Dtos", "LightXun.Application.Dtos\LightXun.Application.Dtos.csproj", "{B6BE4A59-2DD1-42F9-B366-C4CDCD8562E0}"
EndProject
Project("{FAE04EC0-301F-11D3-BF4B-00C04F79EFBC}") = "LightXun.Application.Common", "LightXun.Application.Common\LightXun.Application.Common.csproj", "{8C134F7E-CC8D-4CBA-8A6D-2ACD8441F1B6}"
EndProject
Project("{FAE04EC0-301F-11D3-BF4B-00C04F79EFBC}") = "LightXun.Domain.Events", "LightXun.Domain.Events\LightXun.Domain.Events.csproj", "{921C790F-E7AD-4A1D-8D3D-04F8ABF76BD2}"
EndProject
Project("{FAE04EC0-301F-11D3-BF4B-00C04F79EFBC}") = "LightXun.Domain.Models", "LightXun.Domain.Models\LightXun.Domain.Models.csproj", "{FF65ED4F-BD73-45E2-9D96-66C01D5C1B39}"
EndProject
Project("{FAE04EC0-301F-11D3-BF4B-00C04F79EFBC}") = "LightXun.Domain.Repositories", "LightXun.Domain.Repositories\LightXun.Domain.Repositories.csproj", "{7EBF2FA6-6D82-4F55-A671-C96E71DF5FC6}"
EndProject
Project("{FAE04EC0-301F-11D3-BF4B-00C04F79EFBC}") = "LightXun.Domain.Services", "LightXun.Domain.Services\LightXun.Domain.Services.csproj", "{11E11E1E-2822-4F44-9E84-7233726B44E4}"
EndProject
Project("{FAE04EC0-301F-11D3-BF4B-00C04F79EFBC}") = "LightXun.Application.DataMigration.Services", "LightXun.Application.DataMigration.Services\LightXun.Application.DataMigration.Services.csproj", "{E97F5AB9-FE8E-4B6C-A853-7C48D9C90779}"
EndProject
Project("{FAE04EC0-301F-11D3-BF4B-00C04F79EFBC}") = "LightXun.Application.Metering.Services", "LightXun.Application.Metering.Services\LightXun.Application.Metering.Services.csproj", "{94A73F65-8EC5-4563-8290-1AD594E0E03C}"
EndProject
Project("{FAE04EC0-301F-11D3-BF4B-00C04F79EFBC}") = "LightXun.Infrastructure.Database", "LightXun.Infrastructure.Database\LightXun.Infrastructure.Database.csproj", "{D1E674C9-C4B2-48A4-922D-CD9198F5DE95}"
EndProject
Project("{FAE04EC0-301F-11D3-BF4B-00C04F79EFBC}") = "LightXun.Infrastructure.Common", "LightXun.Infrastructure.Common\LightXun.Infrastructure.Common.csproj", "{5264E337-6E1B-4311-880A-5F1BD1D8E58A}"
EndProject
Project("{FAE04EC0-301F-11D3-BF4B-00C04F79EFBC}") = "LightXun.Infrastructure.Caching", "LightXun.Infrastructure.Caching\LightXun.Infrastructure.Caching.csproj", "{204A5465-8AA5-4EBA-A8DE-795706C56B43}"
EndProject
Project("{FAE04EC0-301F-11D3-BF4B-00C04F79EFBC}") = "LightXun.UnitTests", "LightXun.UnitTests\LightXun.UnitTests.csproj", "{62E61037-A490-4BC1-A0AD-0AD4477592E0}"
EndProject
Global
	GlobalSection(SolutionConfigurationPlatforms) = preSolution
		Debug|Any CPU = Debug|Any CPU
		Release|Any CPU = Release|Any CPU
	EndGlobalSection
	GlobalSection(ProjectConfigurationPlatforms) = postSolution
		{374F61D0-9D81-4F53-AA01-F5B7069C2A8B}.Debug|Any CPU.ActiveCfg = Debug|Any CPU
		{374F61D0-9D81-4F53-AA01-F5B7069C2A8B}.Debug|Any CPU.Build.0 = Debug|Any CPU
		{374F61D0-9D81-4F53-AA01-F5B7069C2A8B}.Release|Any CPU.ActiveCfg = Release|Any CPU
		{374F61D0-9D81-4F53-AA01-F5B7069C2A8B}.Release|Any CPU.Build.0 = Release|Any CPU
		{BFAE8225-A765-494E-9B87-49E4C5C64F03}.Debug|Any CPU.ActiveCfg = Debug|Any CPU
		{BFAE8225-A765-494E-9B87-49E4C5C64F03}.Debug|Any CPU.Build.0 = Debug|Any CPU
		{BFAE8225-A765-494E-9B87-49E4C5C64F03}.Release|Any CPU.ActiveCfg = Release|Any CPU
		{BFAE8225-A765-494E-9B87-49E4C5C64F03}.Release|Any CPU.Build.0 = Release|Any CPU
		{4B3A5C51-C4F7-4E04-8E63-89EFF233FF71}.Debug|Any CPU.ActiveCfg = Debug|Any CPU
		{4B3A5C51-C4F7-4E04-8E63-89EFF233FF71}.Debug|Any CPU.Build.0 = Debug|Any CPU
		{4B3A5C51-C4F7-4E04-8E63-89EFF233FF71}.Release|Any CPU.ActiveCfg = Release|Any CPU
		{4B3A5C51-C4F7-4E04-8E63-89EFF233FF71}.Release|Any CPU.Build.0 = Release|Any CPU
		{593FFCC1-A107-40A0-AB83-3ADF414A9EA9}.Debug|Any CPU.ActiveCfg = Debug|Any CPU
		{593FFCC1-A107-40A0-AB83-3ADF414A9EA9}.Debug|Any CPU.Build.0 = Debug|Any CPU
		{593FFCC1-A107-40A0-AB83-3ADF414A9EA9}.Release|Any CPU.ActiveCfg = Release|Any CPU
		{593FFCC1-A107-40A0-AB83-3ADF414A9EA9}.Release|Any CPU.Build.0 = Release|Any CPU
		{45ABD332-DF2E-464F-B01B-535968A2E598}.Debug|Any CPU.ActiveCfg = Debug|Any CPU
		{45ABD332-DF2E-464F-B01B-535968A2E598}.Debug|Any CPU.Build.0 = Debug|Any CPU
		{45ABD332-DF2E-464F-B01B-535968A2E598}.Release|Any CPU.ActiveCfg = Release|Any CPU
		{45ABD332-DF2E-464F-B01B-535968A2E598}.Release|Any CPU.Build.0 = Release|Any CPU
		{B6BE4A59-2DD1-42F9-B366-C4CDCD8562E0}.Debug|Any CPU.ActiveCfg = Debug|Any CPU
		{B6BE4A59-2DD1-42F9-B366-C4CDCD8562E0}.Debug|Any CPU.Build.0 = Debug|Any CPU
		{B6BE4A59-2DD1-42F9-B366-C4CDCD8562E0}.Release|Any CPU.ActiveCfg = Release|Any CPU
		{B6BE4A59-2DD1-42F9-B366-C4CDCD8562E0}.Release|Any CPU.Build.0 = Release|Any CPU
		{8C134F7E-CC8D-4CBA-8A6D-2ACD8441F1B6}.Debug|Any CPU.ActiveCfg = Debug|Any CPU
		{8C134F7E-CC8D-4CBA-8A6D-2ACD8441F1B6}.Debug|Any CPU.Build.0 = Debug|Any CPU
		{8C134F7E-CC8D-4CBA-8A6D-2ACD8441F1B6}.Release|Any CPU.ActiveCfg = Release|Any CPU
		{8C134F7E-CC8D-4CBA-8A6D-2ACD8441F1B6}.Release|Any CPU.Build.0 = Release|Any CPU
		{921C790F-E7AD-4A1D-8D3D-04F8ABF76BD2}.Debug|Any CPU.ActiveCfg = Debug|Any CPU
		{921C790F-E7AD-4A1D-8D3D-04F8ABF76BD2}.Debug|Any CPU.Build.0 = Debug|Any CPU
		{921C790F-E7AD-4A1D-8D3D-04F8ABF76BD2}.Release|Any CPU.ActiveCfg = Release|Any CPU
		{921C790F-E7AD-4A1D-8D3D-04F8ABF76BD2}.Release|Any CPU.Build.0 = Release|Any CPU
		{FF65ED4F-BD73-45E2-9D96-66C01D5C1B39}.Debug|Any CPU.ActiveCfg = Debug|Any CPU
		{FF65ED4F-BD73-45E2-9D96-66C01D5C1B39}.Debug|Any CPU.Build.0 = Debug|Any CPU
		{FF65ED4F-BD73-45E2-9D96-66C01D5C1B39}.Release|Any CPU.ActiveCfg = Release|Any CPU
		{FF65ED4F-BD73-45E2-9D96-66C01D5C1B39}.Release|Any CPU.Build.0 = Release|Any CPU
		{7EBF2FA6-6D82-4F55-A671-C96E71DF5FC6}.Debug|Any CPU.ActiveCfg = Debug|Any CPU
		{7EBF2FA6-6D82-4F55-A671-C96E71DF5FC6}.Debug|Any CPU.Build.0 = Debug|Any CPU
		{7EBF2FA6-6D82-4F55-A671-C96E71DF5FC6}.Release|Any CPU.ActiveCfg = Release|Any CPU
		{7EBF2FA6-6D82-4F55-A671-C96E71DF5FC6}.Release|Any CPU.Build.0 = Release|Any CPU
		{11E11E1E-2822-4F44-9E84-7233726B44E4}.Debug|Any CPU.ActiveCfg = Debug|Any CPU
		{11E11E1E-2822-4F44-9E84-7233726B44E4}.Debug|Any CPU.Build.0 = Debug|Any CPU
		{11E11E1E-2822-4F44-9E84-7233726B44E4}.Release|Any CPU.ActiveCfg = Release|Any CPU
		{11E11E1E-2822-4F44-9E84-7233726B44E4}.Release|Any CPU.Build.0 = Release|Any CPU
		{E97F5AB9-FE8E-4B6C-A853-7C48D9C90779}.Debug|Any CPU.ActiveCfg = Debug|Any CPU
		{E97F5AB9-FE8E-4B6C-A853-7C48D9C90779}.Debug|Any CPU.Build.0 = Debug|Any CPU
		{E97F5AB9-FE8E-4B6C-A853-7C48D9C90779}.Release|Any CPU.ActiveCfg = Release|Any CPU
		{E97F5AB9-FE8E-4B6C-A853-7C48D9C90779}.Release|Any CPU.Build.0 = Release|Any CPU
		{94A73F65-8EC5-4563-8290-1AD594E0E03C}.Debug|Any CPU.ActiveCfg = Debug|Any CPU
		{94A73F65-8EC5-4563-8290-1AD594E0E03C}.Debug|Any CPU.Build.0 = Debug|Any CPU
		{94A73F65-8EC5-4563-8290-1AD594E0E03C}.Release|Any CPU.ActiveCfg = Release|Any CPU
		{94A73F65-8EC5-4563-8290-1AD594E0E03C}.Release|Any CPU.Build.0 = Release|Any CPU
		{D1E674C9-C4B2-48A4-922D-CD9198F5DE95}.Debug|Any CPU.ActiveCfg = Debug|Any CPU
		{D1E674C9-C4B2-48A4-922D-CD9198F5DE95}.Debug|Any CPU.Build.0 = Debug|Any CPU
		{D1E674C9-C4B2-48A4-922D-CD9198F5DE95}.Release|Any CPU.ActiveCfg = Release|Any CPU
		{D1E674C9-C4B2-48A4-922D-CD9198F5DE95}.Release|Any CPU.Build.0 = Release|Any CPU
		{5264E337-6E1B-4311-880A-5F1BD1D8E58A}.Debug|Any CPU.ActiveCfg = Debug|Any CPU
		{5264E337-6E1B-4311-880A-5F1BD1D8E58A}.Debug|Any CPU.Build.0 = Debug|Any CPU
		{5264E337-6E1B-4311-880A-5F1BD1D8E58A}.Release|Any CPU.ActiveCfg = Release|Any CPU
		{5264E337-6E1B-4311-880A-5F1BD1D8E58A}.Release|Any CPU.Build.0 = Release|Any CPU
		{204A5465-8AA5-4EBA-A8DE-795706C56B43}.Debug|Any CPU.ActiveCfg = Debug|Any CPU
		{204A5465-8AA5-4EBA-A8DE-795706C56B43}.Debug|Any CPU.Build.0 = Debug|Any CPU
		{204A5465-8AA5-4EBA-A8DE-795706C56B43}.Release|Any CPU.ActiveCfg = Release|Any CPU
		{204A5465-8AA5-4EBA-A8DE-795706C56B43}.Release|Any CPU.Build.0 = Release|Any CPU
		{62E61037-A490-4BC1-A0AD-0AD4477592E0}.Debug|Any CPU.ActiveCfg = Debug|Any CPU
		{62E61037-A490-4BC1-A0AD-0AD4477592E0}.Debug|Any CPU.Build.0 = Debug|Any CPU
		{62E61037-A490-4BC1-A0AD-0AD4477592E0}.Release|Any CPU.ActiveCfg = Release|Any CPU
		{62E61037-A490-4BC1-A0AD-0AD4477592E0}.Release|Any CPU.Build.0 = Release|Any CPU
	EndGlobalSection
	GlobalSection(SolutionProperties) = preSolution
		HideSolutionNode = FALSE
	EndGlobalSection
	GlobalSection(NestedProjects) = preSolution
		{374F61D0-9D81-4F53-AA01-F5B7069C2A8B} = {A142B15D-32A4-4F4A-9DB5-FC8926B6EE50}
		{BFAE8225-A765-494E-9B87-49E4C5C64F03} = {A142B15D-32A4-4F4A-9DB5-FC8926B6EE50}
		{4B3A5C51-C4F7-4E04-8E63-89EFF233FF71} = {8AF770A7-AC1F-48A3-B567-F6A1C8BCEEA4}
		{593FFCC1-A107-40A0-AB83-3ADF414A9EA9} = {8AF770A7-AC1F-48A3-B567-F6A1C8BCEEA4}
		{45ABD332-DF2E-464F-B01B-535968A2E598} = {8AF770A7-AC1F-48A3-B567-F6A1C8BCEEA4}
		{B6BE4A59-2DD1-42F9-B366-C4CDCD8562E0} = {9220D6D3-A639-4B75-BBA7-4FFF9B97B5C4}
		{8C134F7E-CC8D-4CBA-8A6D-2ACD8441F1B6} = {9220D6D3-A639-4B75-BBA7-4FFF9B97B5C4}
		{921C790F-E7AD-4A1D-8D3D-04F8ABF76BD2} = {37BCE004-CDF2-4C2E-8307-8FA5F1923CEC}
		{FF65ED4F-BD73-45E2-9D96-66C01D5C1B39} = {37BCE004-CDF2-4C2E-8307-8FA5F1923CEC}
		{7EBF2FA6-6D82-4F55-A671-C96E71DF5FC6} = {37BCE004-CDF2-4C2E-8307-8FA5F1923CEC}
		{11E11E1E-2822-4F44-9E84-7233726B44E4} = {37BCE004-CDF2-4C2E-8307-8FA5F1923CEC}
		{E97F5AB9-FE8E-4B6C-A853-7C48D9C90779} = {9220D6D3-A639-4B75-BBA7-4FFF9B97B5C4}
		{94A73F65-8EC5-4563-8290-1AD594E0E03C} = {9220D6D3-A639-4B75-BBA7-4FFF9B97B5C4}
		{D1E674C9-C4B2-48A4-922D-CD9198F5DE95} = {DCE888B4-ED98-4D92-8B30-3BEFE1CF9576}
		{5264E337-6E1B-4311-880A-5F1BD1D8E58A} = {DCE888B4-ED98-4D92-8B30-3BEFE1CF9576}
		{204A5465-8AA5-4EBA-A8DE-795706C56B43} = {DCE888B4-ED98-4D92-8B30-3BEFE1CF9576}
		{62E61037-A490-4BC1-A0AD-0AD4477592E0} = {9AA144DA-94AB-4CEE-AD3D-5D50D250D7E7}
	EndGlobalSection
	GlobalSection(ExtensibilityGlobals) = postSolution
		SolutionGuid = {A213AED8-A531-4B6F-B8B7-1A585B6934AE}
	EndGlobalSection
EndGlobal
